{
  "name": "markdownpreviewer",
  "version": "1.0.0",
  "lockfileVersion": 1,
  "requires": true,
  "dependencies": {
    "lodash._root": {
      "version": "3.0.1",
      "resolved": "https://registry.npmjs.org/lodash._root/-/lodash._root-3.0.1.tgz",
      "integrity": "sha1-+6HEUkwZ7ppfgTa0YJ8BfPTe1pI="
    },
    "lodash.startswith": {
      "version": "3.2.0",
      "resolved": "https://registry.npmjs.org/lodash.startswith/-/lodash.startswith-3.2.0.tgz",
      "integrity": "sha1-/C4e0sbfjHdxF2Muh/5KkYHUg/s=",
      "requires": {
        "lodash._root": "3.0.1"
      }
    },
    "marked": {
      "version": "0.4.0",
      "resolved": "https://registry.npmjs.org/marked/-/marked-0.4.0.tgz",
      "integrity": "sha512-tMsdNBgOsrUophCAFQl0XPe6Zqk/uy9gnue+jIIKhykO51hxyu6uNx7zBPy0+y/WKYVZZMspV9YeXLNdKk+iYw=="
    },
    "marked-images": {
      "version": "1.2.1",
      "resolved": "https://registry.npmjs.org/marked-images/-/marked-images-1.2.1.tgz",
      "integrity": "sha1-qvG+eE5Q9qX6gZHdwvNyLucsMO4=",
      "requires": {
        "lodash.startswith": "3.2.0"
      }
    }
  }
}
